
Microsoft Visual Studio Solution File, Format Version 12.00
# Visual Studio Version 16
VisualStudioVersion = 16.0.29613.14
MinimumVisualStudioVersion = 10.0.40219.1
Project("{FAE04EC0-301F-11D3-BF4B-00C04F79EFBC}") = "Meine erste App", "Meine erste App\Meine erste App.csproj", "{796D5A5C-848F-4B10-B29A-71FF85CE5D1F}"
EndProject
Project("{FAE04EC0-301F-11D3-BF4B-00C04F79EFBC}") = "BMI-Rechner", "BMI-Rechner\BMI-Rechner.csproj", "{34F10EA6-945A-4E49-B48F-D638CC5A6E24}"
EndProject
Project("{FAE04EC0-301F-11D3-BF4B-00C04F79EFBC}") = "Farbwechsler", "Farbwechsler\Farbwechsler.csproj", "{622B7562-4120-47AA-B699-DF42776ED630}"
EndProject
Project("{FAE04EC0-301F-11D3-BF4B-00C04F79EFBC}") = "Calculator", "Calculator\Calculator.csproj", "{D5EF3D68-7EAD-4CF8-956F-413DEA1F809B}"
EndProject
Project("{FAE04EC0-301F-11D3-BF4B-00C04F79EFBC}") = "PhoneTranslator", "PhoneTranslator\PhoneTranslator.csproj", "{B8FFFB60-64FE-439F-8240-4B82CB936B7D}"
EndProject
Project("{FAE04EC0-301F-11D3-BF4B-00C04F79EFBC}") = "ToDo-Liste", "ToDo-Liste\ToDo-Liste.csproj", "{8E5E5721-34BE-4C1F-866C-C2CD2D6E32E7}"
EndProject
Project("{FAE04EC0-301F-11D3-BF4B-00C04F79EFBC}") = "ToDoListe-NavBar", "ToDoListe-NavBar\ToDoListe-NavBar.csproj", "{375BDA89-14E5-4727-8FE0-DCFB240017AE}"
EndProject
Global
	GlobalSection(SolutionConfigurationPlatforms) = preSolution
		Debug|iPhone = Debug|iPhone
		Debug|iPhoneSimulator = Debug|iPhoneSimulator
		Release|iPhone = Release|iPhone
		Release|iPhoneSimulator = Release|iPhoneSimulator
	EndGlobalSection
	GlobalSection(ProjectConfigurationPlatforms) = postSolution
		{796D5A5C-848F-4B10-B29A-71FF85CE5D1F}.Debug|iPhone.ActiveCfg = Debug|iPhone
		{796D5A5C-848F-4B10-B29A-71FF85CE5D1F}.Debug|iPhone.Build.0 = Debug|iPhone
		{796D5A5C-848F-4B10-B29A-71FF85CE5D1F}.Debug|iPhone.Deploy.0 = Debug|iPhone
		{796D5A5C-848F-4B10-B29A-71FF85CE5D1F}.Debug|iPhoneSimulator.ActiveCfg = Debug|iPhoneSimulator
		{796D5A5C-848F-4B10-B29A-71FF85CE5D1F}.Debug|iPhoneSimulator.Build.0 = Debug|iPhoneSimulator
		{796D5A5C-848F-4B10-B29A-71FF85CE5D1F}.Debug|iPhoneSimulator.Deploy.0 = Debug|iPhoneSimulator
		{796D5A5C-848F-4B10-B29A-71FF85CE5D1F}.Release|iPhone.ActiveCfg = Release|iPhone
		{796D5A5C-848F-4B10-B29A-71FF85CE5D1F}.Release|iPhone.Build.0 = Release|iPhone
		{796D5A5C-848F-4B10-B29A-71FF85CE5D1F}.Release|iPhone.Deploy.0 = Release|iPhone
		{796D5A5C-848F-4B10-B29A-71FF85CE5D1F}.Release|iPhoneSimulator.ActiveCfg = Release|iPhoneSimulator
		{796D5A5C-848F-4B10-B29A-71FF85CE5D1F}.Release|iPhoneSimulator.Build.0 = Release|iPhoneSimulator
		{796D5A5C-848F-4B10-B29A-71FF85CE5D1F}.Release|iPhoneSimulator.Deploy.0 = Release|iPhoneSimulator
		{34F10EA6-945A-4E49-B48F-D638CC5A6E24}.Debug|iPhone.ActiveCfg = Debug|iPhone
		{34F10EA6-945A-4E49-B48F-D638CC5A6E24}.Debug|iPhone.Build.0 = Debug|iPhone
		{34F10EA6-945A-4E49-B48F-D638CC5A6E24}.Debug|iPhoneSimulator.ActiveCfg = Debug|iPhoneSimulator
		{34F10EA6-945A-4E49-B48F-D638CC5A6E24}.Debug|iPhoneSimulator.Build.0 = Debug|iPhoneSimulator
		{34F10EA6-945A-4E49-B48F-D638CC5A6E24}.Release|iPhone.ActiveCfg = Release|iPhone
		{34F10EA6-945A-4E49-B48F-D638CC5A6E24}.Release|iPhone.Build.0 = Release|iPhone
		{34F10EA6-945A-4E49-B48F-D638CC5A6E24}.Release|iPhoneSimulator.ActiveCfg = Release|iPhoneSimulator
		{34F10EA6-945A-4E49-B48F-D638CC5A6E24}.Release|iPhoneSimulator.Build.0 = Release|iPhoneSimulator
		{622B7562-4120-47AA-B699-DF42776ED630}.Debug|iPhone.ActiveCfg = Debug|iPhone
		{622B7562-4120-47AA-B699-DF42776ED630}.Debug|iPhone.Build.0 = Debug|iPhone
		{622B7562-4120-47AA-B699-DF42776ED630}.Debug|iPhoneSimulator.ActiveCfg = Debug|iPhoneSimulator
		{622B7562-4120-47AA-B699-DF42776ED630}.Debug|iPhoneSimulator.Build.0 = Debug|iPhoneSimulator
		{622B7562-4120-47AA-B699-DF42776ED630}.Release|iPhone.ActiveCfg = Release|iPhone
		{622B7562-4120-47AA-B699-DF42776ED630}.Release|iPhone.Build.0 = Release|iPhone
		{622B7562-4120-47AA-B699-DF42776ED630}.Release|iPhoneSimulator.ActiveCfg = Release|iPhoneSimulator
		{622B7562-4120-47AA-B699-DF42776ED630}.Release|iPhoneSimulator.Build.0 = Release|iPhoneSimulator
		{D5EF3D68-7EAD-4CF8-956F-413DEA1F809B}.Debug|iPhone.ActiveCfg = Debug|iPhone
		{D5EF3D68-7EAD-4CF8-956F-413DEA1F809B}.Debug|iPhone.Build.0 = Debug|iPhone
		{D5EF3D68-7EAD-4CF8-956F-413DEA1F809B}.Debug|iPhoneSimulator.ActiveCfg = Debug|iPhoneSimulator
		{D5EF3D68-7EAD-4CF8-956F-413DEA1F809B}.Debug|iPhoneSimulator.Build.0 = Debug|iPhoneSimulator
		{D5EF3D68-7EAD-4CF8-956F-413DEA1F809B}.Release|iPhone.ActiveCfg = Release|iPhone
		{D5EF3D68-7EAD-4CF8-956F-413DEA1F809B}.Release|iPhone.Build.0 = Release|iPhone
		{D5EF3D68-7EAD-4CF8-956F-413DEA1F809B}.Release|iPhoneSimulator.ActiveCfg = Release|iPhoneSimulator
		{D5EF3D68-7EAD-4CF8-956F-413DEA1F809B}.Release|iPhoneSimulator.Build.0 = Release|iPhoneSimulator
		{B8FFFB60-64FE-439F-8240-4B82CB936B7D}.Debug|iPhone.ActiveCfg = Debug|iPhone
		{B8FFFB60-64FE-439F-8240-4B82CB936B7D}.Debug|iPhone.Build.0 = Debug|iPhone
		{B8FFFB60-64FE-439F-8240-4B82CB936B7D}.Debug|iPhoneSimulator.ActiveCfg = Debug|iPhoneSimulator
		{B8FFFB60-64FE-439F-8240-4B82CB936B7D}.Debug|iPhoneSimulator.Build.0 = Debug|iPhoneSimulator
		{B8FFFB60-64FE-439F-8240-4B82CB936B7D}.Release|iPhone.ActiveCfg = Release|iPhone
		{B8FFFB60-64FE-439F-8240-4B82CB936B7D}.Release|iPhone.Build.0 = Release|iPhone
		{B8FFFB60-64FE-439F-8240-4B82CB936B7D}.Release|iPhoneSimulator.ActiveCfg = Release|iPhoneSimulator
		{B8FFFB60-64FE-439F-8240-4B82CB936B7D}.Release|iPhoneSimulator.Build.0 = Release|iPhoneSimulator
		{8E5E5721-34BE-4C1F-866C-C2CD2D6E32E7}.Debug|iPhone.ActiveCfg = Debug|iPhone
		{8E5E5721-34BE-4C1F-866C-C2CD2D6E32E7}.Debug|iPhone.Build.0 = Debug|iPhone
		{8E5E5721-34BE-4C1F-866C-C2CD2D6E32E7}.Debug|iPhoneSimulator.ActiveCfg = Debug|iPhoneSimulator
		{8E5E5721-34BE-4C1F-866C-C2CD2D6E32E7}.Debug|iPhoneSimulator.Build.0 = Debug|iPhoneSimulator
		{8E5E5721-34BE-4C1F-866C-C2CD2D6E32E7}.Release|iPhone.ActiveCfg = Release|iPhone
		{8E5E5721-34BE-4C1F-866C-C2CD2D6E32E7}.Release|iPhone.Build.0 = Release|iPhone
		{8E5E5721-34BE-4C1F-866C-C2CD2D6E32E7}.Release|iPhoneSimulator.ActiveCfg = Release|iPhoneSimulator
		{8E5E5721-34BE-4C1F-866C-C2CD2D6E32E7}.Release|iPhoneSimulator.Build.0 = Release|iPhoneSimulator
		{375BDA89-14E5-4727-8FE0-DCFB240017AE}.Debug|iPhone.ActiveCfg = Debug|iPhone
		{375BDA89-14E5-4727-8FE0-DCFB240017AE}.Debug|iPhone.Build.0 = Debug|iPhone
		{375BDA89-14E5-4727-8FE0-DCFB240017AE}.Debug|iPhoneSimulator.ActiveCfg = Debug|iPhoneSimulator
		{375BDA89-14E5-4727-8FE0-DCFB240017AE}.Debug|iPhoneSimulator.Build.0 = Debug|iPhoneSimulator
		{375BDA89-14E5-4727-8FE0-DCFB240017AE}.Release|iPhone.ActiveCfg = Release|iPhone
		{375BDA89-14E5-4727-8FE0-DCFB240017AE}.Release|iPhone.Build.0 = Release|iPhone
		{375BDA89-14E5-4727-8FE0-DCFB240017AE}.Release|iPhoneSimulator.ActiveCfg = Release|iPhoneSimulator
		{375BDA89-14E5-4727-8FE0-DCFB240017AE}.Release|iPhoneSimulator.Build.0 = Release|iPhoneSimulator
	EndGlobalSection
	GlobalSection(SolutionProperties) = preSolution
		HideSolutionNode = FALSE
	EndGlobalSection
	GlobalSection(ExtensibilityGlobals) = postSolution
		SolutionGuid = {9A23C1DB-9276-4F48-BA5A-6E5EE7D42C7A}
	EndGlobalSection
EndGlobal
